
Microsoft Visual Studio Solution File, Format Version 12.00
# Visual Studio Version 17
VisualStudioVersion = 17.9.34518.117
MinimumVisualStudioVersion = 10.0.40219.1
Project("{9A19103F-16F7-4668-BE54-9A1E7A4F7556}") = "Windows_Programs_Reader", "Windows_Programs_Reader\Windows_Programs_Reader.csproj", "{C82E1575-CAE5-43CD-9058-B5DC9D65E64F}"
EndProject
Project("{9A19103F-16F7-4668-BE54-9A1E7A4F7556}") = "WindowsIconExtention", "..\..\Libraries\WindowsIconExtention\WindowsIconExtention.csproj", "{E64978EE-FED5-45F7-B0E2-0C08931C0D6E}"
EndProject
Project("{FAE04EC0-301F-11D3-BF4B-00C04F79EFBC}") = "Windows_Programs_Reader.Test", "Windows_Programs_Reader.Test\Windows_Programs_Reader.Test.csproj", "{04817E60-3EB5-46AD-8C99-FA2A4279309B}"
EndProject
Global
	GlobalSection(SolutionConfigurationPlatforms) = preSolution
		Debug|Any CPU = Debug|Any CPU
		Release|Any CPU = Release|Any CPU
	EndGlobalSection
	GlobalSection(ProjectConfigurationPlatforms) = postSolution
		{C82E1575-CAE5-43CD-9058-B5DC9D65E64F}.Debug|Any CPU.ActiveCfg = Debug|Any CPU
		{C82E1575-CAE5-43CD-9058-B5DC9D65E64F}.Debug|Any CPU.Build.0 = Debug|Any CPU
		{C82E1575-CAE5-43CD-9058-B5DC9D65E64F}.Release|Any CPU.ActiveCfg = Release|Any CPU
		{C82E1575-CAE5-43CD-9058-B5DC9D65E64F}.Release|Any CPU.Build.0 = Release|Any CPU
		{E64978EE-FED5-45F7-B0E2-0C08931C0D6E}.Debug|Any CPU.ActiveCfg = Debug|Any CPU
		{E64978EE-FED5-45F7-B0E2-0C08931C0D6E}.Debug|Any CPU.Build.0 = Debug|Any CPU
		{E64978EE-FED5-45F7-B0E2-0C08931C0D6E}.Release|Any CPU.ActiveCfg = Release|Any CPU
		{E64978EE-FED5-45F7-B0E2-0C08931C0D6E}.Release|Any CPU.Build.0 = Release|Any CPU
		{04817E60-3EB5-46AD-8C99-FA2A4279309B}.Debug|Any CPU.ActiveCfg = Debug|Any CPU
		{04817E60-3EB5-46AD-8C99-FA2A4279309B}.Debug|Any CPU.Build.0 = Debug|Any CPU
		{04817E60-3EB5-46AD-8C99-FA2A4279309B}.Release|Any CPU.ActiveCfg = Release|Any CPU
		{04817E60-3EB5-46AD-8C99-FA2A4279309B}.Release|Any CPU.Build.0 = Release|Any CPU
	EndGlobalSection
	GlobalSection(SolutionProperties) = preSolution
		HideSolutionNode = FALSE
	EndGlobalSection
	GlobalSection(ExtensibilityGlobals) = postSolution
		SolutionGuid = {EE9E09C1-232B-4C72-AE1D-1D33ADDB6C2F}
	EndGlobalSection
EndGlobal
